Microsoft Visual Studio Solution File, Format Version 12.00
# Visual Studio 15
VisualStudioVersion = 15.0.28307.106
MinimumVisualStudioVersion = 10.0.40219.1
Project("{8BC9CEB8-8B4A-11D0-8D11-00A0C91BC942}") = "img2text", "img2text.vcxproj", "{F605CCC8-86B3-4755-85D2-735E4B028202}"
EndProject
Global
	GlobalSection(SolutionConfigurationPlatforms) = preSolution
		Debug|x86 = Debug|x86
		Release|x86 = Release|x86
	EndGlobalSection
	GlobalSection(ProjectConfigurationPlatforms) = postSolution
		{F605CCC8-86B3-4755-85D2-735E4B028202}.Debug|x86.ActiveCfg = Debug|Win32
		{F605CCC8-86B3-4755-85D2-735E4B028202}.Debug|x86.Build.0 = Debug|Win32
		{F605CCC8-86B3-4755-85D2-735E4B028202}.Release|x86.ActiveCfg = Release|Win32
		{F605CCC8-86B3-4755-85D2-735E4B028202}.Release|x86.Build.0 = Release|Win32
	EndGlobalSection
	GlobalSection(SolutionProperties) = preSolution
		HideSolutionNode = FALSE
	EndGlobalSection
	GlobalSection(ExtensibilityGlobals) = postSolution
		SolutionGuid = {A1EDEB72-6619-4D96-9D9B-EAE3F6A1989C}
	EndGlobalSection
EndGlobal
